// !$*UTF8*$!
{
	archiveVersion = 1;
	classes = {
	};
	objectVersion = 56;
	objects = {

/* Begin PBXBuildFile section */
		80065CC42C44E8110070E24E /* AppDelegate.swift in Sources */ = {isa = PBXBuildFile; fileRef = 80065CC32C44E8110070E24E /* AppDelegate.swift */; };
		80065CC62C44E8110070E24E /* SceneDelegate.swift in Sources */ = {isa = PBXBuildFile; fileRef = 80065CC52C44E8110070E24E /* SceneDelegate.swift */; };
		80065CCB2C44E8110070E24E /* Base in Resources */ = {isa = PBXBuildFile; fileRef = 80065CCA2C44E8110070E24E /* Base */; };
		80065CCD2C44E8120070E24E /* Assets.xcassets in Resources */ = {isa = PBXBuildFile; fileRef = 80065CCC2C44E8120070E24E /* Assets.xcassets */; };
		80065CD02C44E8120070E24E /* Base in Resources */ = {isa = PBXBuildFile; fileRef = 80065CCF2C44E8120070E24E /* Base */; };
		80065CD82C44E9A20070E24E /* FrontPageViewController.swift in Sources */ = {isa = PBXBuildFile; fileRef = 80065CD72C44E9A20070E24E /* FrontPageViewController.swift */; };
		80065CDA2C44E9CA0070E24E /* SignUpViewController.swift in Sources */ = {isa = PBXBuildFile; fileRef = 80065CD92C44E9CA0070E24E /* SignUpViewController.swift */; };
		800660692C47596A007AD5E6 /* ProductsViewController.swift in Sources */ = {isa = PBXBuildFile; fileRef = 800660672C47596A007AD5E6 /* ProductsViewController.swift */; };
		8006606A2C47596A007AD5E6 /* ProductsViewController.xib in Resources */ = {isa = PBXBuildFile; fileRef = 800660682C47596A007AD5E6 /* ProductsViewController.xib */; };
		8006606D2C4759CE007AD5E6 /* ProductCell.swift in Sources */ = {isa = PBXBuildFile; fileRef = 8006606B2C4759CE007AD5E6 /* ProductCell.swift */; };
		8006606E2C4759CE007AD5E6 /* ProductCell.xib in Resources */ = {isa = PBXBuildFile; fileRef = 8006606C2C4759CE007AD5E6 /* ProductCell.xib */; };
		800660712C478C44007AD5E6 /* ProductDetailViewController.swift in Sources */ = {isa = PBXBuildFile; fileRef = 8006606F2C478C44007AD5E6 /* ProductDetailViewController.swift */; };
		800660722C478C44007AD5E6 /* ProductDetailViewController.xib in Resources */ = {isa = PBXBuildFile; fileRef = 800660702C478C44007AD5E6 /* ProductDetailViewController.xib */; };
		800660752C47AE74007AD5E6 /* TestingScrollViewController.swift in Sources */ = {isa = PBXBuildFile; fileRef = 800660732C47AE74007AD5E6 /* TestingScrollViewController.swift */; };
		800660762C47AE74007AD5E6 /* TestingScrollViewController.xib in Resources */ = {isa = PBXBuildFile; fileRef = 800660742C47AE74007AD5E6 /* TestingScrollViewController.xib */; };
		80B129C12C48AA4E00A8B576 /* CustomTabBarController.swift in Sources */ = {isa = PBXBuildFile; fileRef = 80B129BF2C48AA4E00A8B576 /* CustomTabBarController.swift */; };
		80B129C52C48AAAA00A8B576 /* SettingsViewController.swift in Sources */ = {isa = PBXBuildFile; fileRef = 80B129C32C48AAAA00A8B576 /* SettingsViewController.swift */; };
		80B129C62C48AAAA00A8B576 /* SettingsViewController.xib in Resources */ = {isa = PBXBuildFile; fileRef = 80B129C42C48AAAA00A8B576 /* SettingsViewController.xib */; };
		80D0989D2C49DC59002C1F27 /* BaseScreen.swift in Sources */ = {isa = PBXBuildFile; fileRef = 80D0989B2C49DC59002C1F27 /* BaseScreen.swift */; };
		80D0989E2C49DC59002C1F27 /* BaseScreen.xib in Resources */ = {isa = PBXBuildFile; fileRef = 80D0989C2C49DC59002C1F27 /* BaseScreen.xib */; };
		80D098A12C49DC91002C1F27 /* SelectionScreen.swift in Sources */ = {isa = PBXBuildFile; fileRef = 80D0989F2C49DC91002C1F27 /* SelectionScreen.swift */; };
		80D098A22C49DC91002C1F27 /* SelectionScreen.xib in Resources */ = {isa = PBXBuildFile; fileRef = 80D098A02C49DC91002C1F27 /* SelectionScreen.xib */; };
		80D098A52C49E4F3002C1F27 /* NoBaseScreen.swift in Sources */ = {isa = PBXBuildFile; fileRef = 80D098A32C49E4F3002C1F27 /* NoBaseScreen.swift */; };
		80D098A62C49E4F3002C1F27 /* NoBaseScreen.xib in Resources */ = {isa = PBXBuildFile; fileRef = 80D098A42C49E4F3002C1F27 /* NoBaseScreen.xib */; };
		80D098A92C49E506002C1F27 /* NoSelectionScreen.swift in Sources */ = {isa = PBXBuildFile; fileRef = 80D098A72C49E506002C1F27 /* NoSelectionScreen.swift */; };
		80D098AA2C49E506002C1F27 /* NoSelectionScreen.xib in Resources */ = {isa = PBXBuildFile; fileRef = 80D098A82C49E506002C1F27 /* NoSelectionScreen.xib */; };
		80F06BC32C46098100B09C38 /* TeacherListViewController.swift in Sources */ = {isa = PBXBuildFile; fileRef = 80F06BC12C46098100B09C38 /* TeacherListViewController.swift */; };
		80F06BC42C46098100B09C38 /* TeacherListViewController.xib in Resources */ = {isa = PBXBuildFile; fileRef = 80F06BC22C46098100B09C38 /* TeacherListViewController.xib */; };
		80F06BCA2C460B4F00B09C38 /* SignInViewController.swift in Sources */ = {isa = PBXBuildFile; fileRef = 80F06BC92C460B4F00B09C38 /* SignInViewController.swift */; };
		80F06BCD2C4613A100B09C38 /* TeacherCell.xib in Resources */ = {isa = PBXBuildFile; fileRef = 80F06BCC2C4613A100B09C38 /* TeacherCell.xib */; };
		80F06BCE2C4613A100B09C38 /* TeacherCell.swift in Sources */ = {isa = PBXBuildFile; fileRef = 80F06BCB2C4613A100B09C38 /* TeacherCell.swift */; };
		80F06BD72C463A7500B09C38 /* TeacherDetailsViewController.xib in Resources */ = {isa = PBXBuildFile; fileRef = 80F06BD62C463A7500B09C38 /* TeacherDetailsViewController.xib */; };
		80F06BD82C463A7500B09C38 /* TeacherDetailsViewController.swift in Sources */ = {isa = PBXBuildFile; fileRef = 80F06BD52C463A7500B09C38 /* TeacherDetailsViewController.swift */; };
		80F06BE62C466B1500B09C38 /* TableViewHeadwer.swift in Sources */ = {isa = PBXBuildFile; fileRef = 80F06BE52C466B1500B09C38 /* TableViewHeadwer.swift */; };
/* End PBXBuildFile section */

/* Begin PBXFileReference section */
		80065CC02C44E8110070E24E /* Day1-exercise.app */ = {isa = PBXFileReference; explicitFileType = wrapper.application; includeInIndex = 0; path = "Day1-exercise.app"; sourceTree = BUILT_PRODUCTS_DIR; };
		80065CC32C44E8110070E24E /* AppDelegate.swift */ = {isa = PBXFileReference; lastKnownFileType = sourcecode.swift; path = AppDelegate.swift; sourceTree = "<group>"; };
		80065CC52C44E8110070E24E /* SceneDelegate.swift */ = {isa = PBXFileReference; lastKnownFileType = sourcecode.swift; path = SceneDelegate.swift; sourceTree = "<group>"; };
		80065CCA2C44E8110070E24E /* Base */ = {isa = PBXFileReference; lastKnownFileType = file.storyboard; name = Base; path = Base.lproj/Main.storyboard; sourceTree = "<group>"; };
		80065CCC2C44E8120070E24E /* Assets.xcassets */ = {isa = PBXFileReference; lastKnownFileType = folder.assetcatalog; path = Assets.xcassets; sourceTree = "<group>"; };
		80065CCF2C44E8120070E24E /* Base */ = {isa = PBXFileReference; lastKnownFileType = file.storyboard; name = Base; path = Base.lproj/LaunchScreen.storyboard; sourceTree = "<group>"; };
		80065CD12C44E8120070E24E /* Info.plist */ = {isa = PBXFileReference; lastKnownFileType = text.plist.xml; path = Info.plist; sourceTree = "<group>"; };
		80065CD72C44E9A20070E24E /* FrontPageViewController.swift */ = {isa = PBXFileReference; lastKnownFileType = sourcecode.swift; path = FrontPageViewController.swift; sourceTree = "<group>"; };
		80065CD92C44E9CA0070E24E /* SignUpViewController.swift */ = {isa = PBXFileReference; lastKnownFileType = sourcecode.swift; path = SignUpViewController.swift; sourceTree = "<group>"; };
		800660672C47596A007AD5E6 /* ProductsViewController.swift */ = {isa = PBXFileReference; lastKnownFileType = sourcecode.swift; path = ProductsViewController.swift; sourceTree = "<group>"; };
		800660682C47596A007AD5E6 /* ProductsViewController.xib */ = {isa = PBXFileReference; lastKnownFileType = file.xib; path = ProductsViewController.xib; sourceTree = "<group>"; };
		8006606B2C4759CE007AD5E6 /* ProductCell.swift */ = {isa = PBXFileReference; lastKnownFileType = sourcecode.swift; path = ProductCell.swift; sourceTree = "<group>"; };
		8006606C2C4759CE007AD5E6 /* ProductCell.xib */ = {isa = PBXFileReference; lastKnownFileType = file.xib; path = ProductCell.xib; sourceTree = "<group>"; };
		8006606F2C478C44007AD5E6 /* ProductDetailViewController.swift */ = {isa = PBXFileReference; lastKnownFileType = sourcecode.swift; path = ProductDetailViewController.swift; sourceTree = "<group>"; };
		800660702C478C44007AD5E6 /* ProductDetailViewController.xib */ = {isa = PBXFileReference; lastKnownFileType = file.xib; path = ProductDetailViewController.xib; sourceTree = "<group>"; };
		800660732C47AE74007AD5E6 /* TestingScrollViewController.swift */ = {isa = PBXFileReference; lastKnownFileType = sourcecode.swift; path = TestingScrollViewController.swift; sourceTree = "<group>"; };
		800660742C47AE74007AD5E6 /* TestingScrollViewController.xib */ = {isa = PBXFileReference; lastKnownFileType = file.xib; path = TestingScrollViewController.xib; sourceTree = "<group>"; };
		80B129BF2C48AA4E00A8B576 /* CustomTabBarController.swift */ = {isa = PBXFileReference; lastKnownFileType = sourcecode.swift; path = CustomTabBarController.swift; sourceTree = "<group>"; };
		80B129C32C48AAAA00A8B576 /* SettingsViewController.swift */ = {isa = PBXFileReference; lastKnownFileType = sourcecode.swift; path = SettingsViewController.swift; sourceTree = "<group>"; };
		80B129C42C48AAAA00A8B576 /* SettingsViewController.xib */ = {isa = PBXFileReference; lastKnownFileType = file.xib; path = SettingsViewController.xib; sourceTree = "<group>"; };
		80D0989B2C49DC59002C1F27 /* BaseScreen.swift */ = {isa = PBXFileReference; lastKnownFileType = sourcecode.swift; path = BaseScreen.swift; sourceTree = "<group>"; };
		80D0989C2C49DC59002C1F27 /* BaseScreen.xib */ = {isa = PBXFileReference; lastKnownFileType = file.xib; path = BaseScreen.xib; sourceTree = "<group>"; };
		80D0989F2C49DC91002C1F27 /* SelectionScreen.swift */ = {isa = PBXFileReference; lastKnownFileType = sourcecode.swift; path = SelectionScreen.swift; sourceTree = "<group>"; };
		80D098A02C49DC91002C1F27 /* SelectionScreen.xib */ = {isa = PBXFileReference; lastKnownFileType = file.xib; path = SelectionScreen.xib; sourceTree = "<group>"; };
		80D098A32C49E4F3002C1F27 /* NoBaseScreen.swift */ = {isa = PBXFileReference; lastKnownFileType = sourcecode.swift; path = NoBaseScreen.swift; sourceTree = "<group>"; };
		80D098A42C49E4F3002C1F27 /* NoBaseScreen.xib */ = {isa = PBXFileReference; lastKnownFileType = file.xib; path = NoBaseScreen.xib; sourceTree = "<group>"; };
		80D098A72C49E506002C1F27 /* NoSelectionScreen.swift */ = {isa = PBXFileReference; lastKnownFileType = sourcecode.swift; path = NoSelectionScreen.swift; sourceTree = "<group>"; };
		80D098A82C49E506002C1F27 /* NoSelectionScreen.xib */ = {isa = PBXFileReference; lastKnownFileType = file.xib; path = NoSelectionScreen.xib; sourceTree = "<group>"; };
		80F06BC12C46098100B09C38 /* TeacherListViewController.swift */ = {isa = PBXFileReference; lastKnownFileType = sourcecode.swift; name = TeacherListViewController.swift; path = ../../TeacherListViewController.swift; sourceTree = "<group>"; };
		80F06BC22C46098100B09C38 /* TeacherListViewController.xib */ = {isa = PBXFileReference; lastKnownFileType = file.xib; name = TeacherListViewController.xib; path = ../../TeacherListViewController.xib; sourceTree = "<group>"; };
		80F06BC92C460B4F00B09C38 /* SignInViewController.swift */ = {isa = PBXFileReference; lastKnownFileType = sourcecode.swift; path = SignInViewController.swift; sourceTree = "<group>"; };
		80F06BCB2C4613A100B09C38 /* TeacherCell.swift */ = {isa = PBXFileReference; lastKnownFileType = sourcecode.swift; path = TeacherCell.swift; sourceTree = "<group>"; };
		80F06BCC2C4613A100B09C38 /* TeacherCell.xib */ = {isa = PBXFileReference; lastKnownFileType = file.xib; path = TeacherCell.xib; sourceTree = "<group>"; };
		80F06BD52C463A7500B09C38 /* TeacherDetailsViewController.swift */ = {isa = PBXFileReference; lastKnownFileType = sourcecode.swift; path = TeacherDetailsViewController.swift; sourceTree = "<group>"; };
		80F06BD62C463A7500B09C38 /* TeacherDetailsViewController.xib */ = {isa = PBXFileReference; lastKnownFileType = file.xib; path = TeacherDetailsViewController.xib; sourceTree = "<group>"; };
		80F06BE52C466B1500B09C38 /* TableViewHeadwer.swift */ = {isa = PBXFileReference; lastKnownFileType = sourcecode.swift; path = TableViewHeadwer.swift; sourceTree = "<group>"; };
/* End PBXFileReference section */

/* Begin PBXFrameworksBuildPhase section */
		80065CBD2C44E8110070E24E /* Frameworks */ = {
			isa = PBXFrameworksBuildPhase;
			buildActionMask = 2147483647;
			files = (
			);
			runOnlyForDeploymentPostprocessing = 0;
		};
/* End PBXFrameworksBuildPhase section */

/* Begin PBXGroup section */
		80065CB72C44E8110070E24E = {
			isa = PBXGroup;
			children = (
				80065CC22C44E8110070E24E /* Day1-exercise */,
				80065CC12C44E8110070E24E /* Products */,
			);
			sourceTree = "<group>";
		};
		80065CC12C44E8110070E24E /* Products */ = {
			isa = PBXGroup;
			children = (
				80065CC02C44E8110070E24E /* Day1-exercise.app */,
			);
			name = Products;
			sourceTree = "<group>";
		};
		80065CC22C44E8110070E24E /* Day1-exercise */ = {
			isa = PBXGroup;
			children = (
				80B129C72C48B2EB00A8B576 /* TeacherDetails */,
				80B129D22C48BAC000A8B576 /* TeacherCell */,
				80B129CA2C48B32E00A8B576 /* ProductsView */,
				80B129D32C48BAD900A8B576 /* ProductCell */,
				80D098AB2C49E511002C1F27 /* NotificationObserver */,
				80B129C92C48B31400A8B576 /* ProductDetails */,
				80D098AC2C49EECB002C1F27 /* Protocols&Delegates */,
				80B129C82C48B30100A8B576 /* Settings */,
				80B129D12C48B91D00A8B576 /* TestingScroll */,
				80D098B32C49F1D4002C1F27 /* Main */,
				80F06BC12C46098100B09C38 /* TeacherListViewController.swift */,
				80F06BC22C46098100B09C38 /* TeacherListViewController.xib */,
				80065CCC2C44E8120070E24E /* Assets.xcassets */,
				80065CCE2C44E8120070E24E /* LaunchScreen.storyboard */,
				80065CD12C44E8120070E24E /* Info.plist */,
				80F06BE52C466B1500B09C38 /* TableViewHeadwer.swift */,
				80B129BF2C48AA4E00A8B576 /* CustomTabBarController.swift */,
			);
			path = "Day1-exercise";
			sourceTree = "<group>";
		};
		80B129C72C48B2EB00A8B576 /* TeacherDetails */ = {
			isa = PBXGroup;
			children = (
				80F06BD52C463A7500B09C38 /* TeacherDetailsViewController.swift */,
				80F06BD62C463A7500B09C38 /* TeacherDetailsViewController.xib */,
			);
			path = TeacherDetails;
			sourceTree = "<group>";
		};
		80B129C82C48B30100A8B576 /* Settings */ = {
			isa = PBXGroup;
			children = (
				80B129C32C48AAAA00A8B576 /* SettingsViewController.swift */,
				80B129C42C48AAAA00A8B576 /* SettingsViewController.xib */,
			);
			path = Settings;
			sourceTree = "<group>";
		};
		80B129C92C48B31400A8B576 /* ProductDetails */ = {
			isa = PBXGroup;
			children = (
				8006606F2C478C44007AD5E6 /* ProductDetailViewController.swift */,
				800660702C478C44007AD5E6 /* ProductDetailViewController.xib */,
			);
			path = ProductDetails;
			sourceTree = "<group>";
		};
		80B129CA2C48B32E00A8B576 /* ProductsView */ = {
			isa = PBXGroup;
			children = (
				800660672C47596A007AD5E6 /* ProductsViewController.swift */,
				800660682C47596A007AD5E6 /* ProductsViewController.xib */,
			);
			path = ProductsView;
			sourceTree = "<group>";
		};
		80B129D12C48B91D00A8B576 /* TestingScroll */ = {
			isa = PBXGroup;
			children = (
				800660732C47AE74007AD5E6 /* TestingScrollViewController.swift */,
				800660742C47AE74007AD5E6 /* TestingScrollViewController.xib */,
			);
			path = TestingScroll;
			sourceTree = "<group>";
		};
		80B129D22C48BAC000A8B576 /* TeacherCell */ = {
			isa = PBXGroup;
			children = (
				80F06BCB2C4613A100B09C38 /* TeacherCell.swift */,
				80F06BCC2C4613A100B09C38 /* TeacherCell.xib */,
			);
			path = TeacherCell;
			sourceTree = "<group>";
		};
		80B129D32C48BAD900A8B576 /* ProductCell */ = {
			isa = PBXGroup;
			children = (
				8006606B2C4759CE007AD5E6 /* ProductCell.swift */,
				8006606C2C4759CE007AD5E6 /* ProductCell.xib */,
			);
			path = ProductCell;
			sourceTree = "<group>";
		};
		80D098AB2C49E511002C1F27 /* NotificationObserver */ = {
			isa = PBXGroup;
			children = (
				80D098A72C49E506002C1F27 /* NoSelectionScreen.swift */,
				80D098A82C49E506002C1F27 /* NoSelectionScreen.xib */,
				80D098A32C49E4F3002C1F27 /* NoBaseScreen.swift */,
				80D098A42C49E4F3002C1F27 /* NoBaseScreen.xib */,
			);
			path = NotificationObserver;
			sourceTree = "<group>";
		};
		80D098AC2C49EECB002C1F27 /* Protocols&Delegates */ = {
			isa = PBXGroup;
			children = (
				80D0989F2C49DC91002C1F27 /* SelectionScreen.swift */,
				80D098A02C49DC91002C1F27 /* SelectionScreen.xib */,
				80D0989B2C49DC59002C1F27 /* BaseScreen.swift */,
				80D0989C2C49DC59002C1F27 /* BaseScreen.xib */,
			);
			path = "Protocols&Delegates";
			sourceTree = "<group>";
		};
		80D098B32C49F1D4002C1F27 /* Main */ = {
			isa = PBXGroup;
			children = (
				80065CC52C44E8110070E24E /* SceneDelegate.swift */,
				80065CC92C44E8110070E24E /* Main.storyboard */,
				80065CC32C44E8110070E24E /* AppDelegate.swift */,
				80065CD72C44E9A20070E24E /* FrontPageViewController.swift */,
				80F06BC92C460B4F00B09C38 /* SignInViewController.swift */,
				80065CD92C44E9CA0070E24E /* SignUpViewController.swift */,
			);
			path = Main;
			sourceTree = "<group>";
		};
/* End PBXGroup section */

/* Begin PBXNativeTarget section */
		80065CBF2C44E8110070E24E /* Day1-exercise */ = {
			isa = PBXNativeTarget;
			buildConfigurationList = 80065CD42C44E8120070E24E /* Build configuration list for PBXNativeTarget "Day1-exercise" */;
			buildPhases = (
				80065CBC2C44E8110070E24E /* Sources */,
				80065CBD2C44E8110070E24E /* Frameworks */,
				80065CBE2C44E8110070E24E /* Resources */,
			);
			buildRules = (
			);
			dependencies = (
			);
			name = "Day1-exercise";
			productName = "Day1-exercise";
			productReference = 80065CC02C44E8110070E24E /* Day1-exercise.app */;
			productType = "com.apple.product-type.application";
		};
/* End PBXNativeTarget section */

/* Begin PBXProject section */
		80065CB82C44E8110070E24E /* Project object */ = {
			isa = PBXProject;
			attributes = {
				BuildIndependentTargetsInParallel = 1;
				LastSwiftUpdateCheck = 1540;
				LastUpgradeCheck = 1540;
				TargetAttributes = {
					80065CBF2C44E8110070E24E = {
						CreatedOnToolsVersion = 15.4;
					};
				};
			};
			buildConfigurationList = 80065CBB2C44E8110070E24E /* Build configuration list for PBXProject "Day1-exercise" */;
			compatibilityVersion = "Xcode 14.0";
			developmentRegion = en;
			hasScannedForEncodings = 0;
			knownRegions = (
				en,
				Base,
			);
			mainGroup = 80065CB72C44E8110070E24E;
			productRefGroup = 80065CC12C44E8110070E24E /* Products */;
			projectDirPath = "";
			projectRoot = "";
			targets = (
				80065CBF2C44E8110070E24E /* Day1-exercise */,
			);
		};
/* End PBXProject section */

/* Begin PBXResourcesBuildPhase section */
		80065CBE2C44E8110070E24E /* Resources */ = {
			isa = PBXResourcesBuildPhase;
			buildActionMask = 2147483647;
			files = (
				800660762C47AE74007AD5E6 /* TestingScrollViewController.xib in Resources */,
				80065CCD2C44E8120070E24E /* Assets.xcassets in Resources */,
				80B129C62C48AAAA00A8B576 /* SettingsViewController.xib in Resources */,
				8006606E2C4759CE007AD5E6 /* ProductCell.xib in Resources */,
				80F06BC42C46098100B09C38 /* TeacherListViewController.xib in Resources */,
				80D0989E2C49DC59002C1F27 /* BaseScreen.xib in Resources */,
				80F06BD72C463A7500B09C38 /* TeacherDetailsViewController.xib in Resources */,
				80D098A22C49DC91002C1F27 /* SelectionScreen.xib in Resources */,
				80D098AA2C49E506002C1F27 /* NoSelectionScreen.xib in Resources */,
				8006606A2C47596A007AD5E6 /* ProductsViewController.xib in Resources */,
				80D098A62C49E4F3002C1F27 /* NoBaseScreen.xib in Resources */,
				800660722C478C44007AD5E6 /* ProductDetailViewController.xib in Resources */,
				80F06BCD2C4613A100B09C38 /* TeacherCell.xib in Resources */,
				80065CD02C44E8120070E24E /* Base in Resources */,
				80065CCB2C44E8110070E24E /* Base in Resources */,
			);
			runOnlyForDeploymentPostprocessing = 0;
		};
/* End PBXResourcesBuildPhase section */

/* Begin PBXSourcesBuildPhase section */
		80065CBC2C44E8110070E24E /* Sources */ = {
			isa = PBXSourcesBuildPhase;
			buildActionMask = 2147483647;
			files = (
				80F06BE62C466B1500B09C38 /* TableViewHeadwer.swift in Sources */,
				8006606D2C4759CE007AD5E6 /* ProductCell.swift in Sources */,
				80D098A12C49DC91002C1F27 /* SelectionScreen.swift in Sources */,
				80F06BCA2C460B4F00B09C38 /* SignInViewController.swift in Sources */,
				80F06BC32C46098100B09C38 /* TeacherListViewController.swift in Sources */,
				80065CD82C44E9A20070E24E /* FrontPageViewController.swift in Sources */,
				800660712C478C44007AD5E6 /* ProductDetailViewController.swift in Sources */,
				80D098A52C49E4F3002C1F27 /* NoBaseScreen.swift in Sources */,
				80D098A92C49E506002C1F27 /* NoSelectionScreen.swift in Sources */,
				800660752C47AE74007AD5E6 /* TestingScrollViewController.swift in Sources */,
				800660692C47596A007AD5E6 /* ProductsViewController.swift in Sources */,
				80B129C52C48AAAA00A8B576 /* SettingsViewController.swift in Sources */,
				80B129C12C48AA4E00A8B576 /* CustomTabBarController.swift in Sources */,
				80065CC42C44E8110070E24E /* AppDelegate.swift in Sources */,
				80065CC62C44E8110070E24E /* SceneDelegate.swift in Sources */,
				80D0989D2C49DC59002C1F27 /* BaseScreen.swift in Sources */,
				80065CDA2C44E9CA0070E24E /* SignUpViewController.swift in Sources */,
				80F06BD82C463A7500B09C38 /* TeacherDetailsViewController.swift in Sources */,
				80F06BCE2C4613A100B09C38 /* TeacherCell.swift in Sources */,
			);
			runOnlyForDeploymentPostprocessing = 0;
		};
/* End PBXSourcesBuildPhase section */

/* Begin PBXVariantGroup section */
		80065CC92C44E8110070E24E /* Main.storyboard */ = {
			isa = PBXVariantGroup;
			children = (
				80065CCA2C44E8110070E24E /* Base */,
			);
			name = Main.storyboard;
			sourceTree = "<group>";
		};
		80065CCE2C44E8120070E24E /* LaunchScreen.storyboard */ = {
			isa = PBXVariantGroup;
			children = (
				80065CCF2C44E8120070E24E /* Base */,
			);
			name = LaunchScreen.storyboard;
			sourceTree = "<group>";
		};
/* End PBXVariantGroup section */

/* Begin XCBuildConfiguration section */
		80065CD22C44E8120070E24E /* Debug */ = {
			isa = XCBuildConfiguration;
			buildSettings = {
				ALWAYS_SEARCH_USER_PATHS = NO;
				ASSETCATALOG_COMPILER_GENERATE_SWIFT_ASSET_SYMBOL_EXTENSIONS = YES;
				CLANG_ANALYZER_NONNULL = YES;
				CLANG_ANALYZER_NUMBER_OBJECT_CONVERSION = YES_AGGRESSIVE;
				CLANG_CXX_LANGUAGE_STANDARD = "gnu++20";
				CLANG_ENABLE_MODULES = YES;
				CLANG_ENABLE_OBJC_ARC = YES;
				CLANG_ENABLE_OBJC_WEAK = YES;
				CLANG_WARN_BLOCK_CAPTURE_AUTORELEASING = YES;
				CLANG_WARN_BOOL_CONVERSION = YES;
				CLANG_WARN_COMMA = YES;
				CLANG_WARN_CONSTANT_CONVERSION = YES;
				CLANG_WARN_DEPRECATED_OBJC_IMPLEMENTATIONS = YES;
				CLANG_WARN_DIRECT_OBJC_ISA_USAGE = YES_ERROR;
				CLANG_WARN_DOCUMENTATION_COMMENTS = YES;
				CLANG_WARN_EMPTY_BODY = YES;
				CLANG_WARN_ENUM_CONVERSION = YES;
				CLANG_WARN_INFINITE_RECURSION = YES;
				CLANG_WARN_INT_CONVERSION = YES;
				CLANG_WARN_NON_LITERAL_NULL_CONVERSION = YES;
				CLANG_WARN_OBJC_IMPLICIT_RETAIN_SELF = YES;
				CLANG_WARN_OBJC_LITERAL_CONVERSION = YES;
				CLANG_WARN_OBJC_ROOT_CLASS = YES_ERROR;
				CLANG_WARN_QUOTED_INCLUDE_IN_FRAMEWORK_HEADER = YES;
				CLANG_WARN_RANGE_LOOP_ANALYSIS = YES;
				CLANG_WARN_STRICT_PROTOTYPES = YES;
				CLANG_WARN_SUSPICIOUS_MOVE = YES;
				CLANG_WARN_UNGUARDED_AVAILABILITY = YES_AGGRESSIVE;
				CLANG_WARN_UNREACHABLE_CODE = YES;
				CLANG_WARN__DUPLICATE_METHOD_MATCH = YES;
				COPY_PHASE_STRIP = NO;
				DEBUG_INFORMATION_FORMAT = dwarf;
				ENABLE_STRICT_OBJC_MSGSEND = YES;
				ENABLE_TESTABILITY = YES;
				ENABLE_USER_SCRIPT_SANDBOXING = YES;
				GCC_C_LANGUAGE_STANDARD = gnu17;
				GCC_DYNAMIC_NO_PIC = NO;
				GCC_NO_COMMON_BLOCKS = YES;
				GCC_OPTIMIZATION_LEVEL = 0;
				GCC_PREPROCESSOR_DEFINITIONS = (
					"DEBUG=1",
					"$(inherited)",
				);
				GCC_WARN_64_TO_32_BIT_CONVERSION = YES;
				GCC_WARN_ABOUT_RETURN_TYPE = YES_ERROR;
				GCC_WARN_UNDECLARED_SELECTOR = YES;
				GCC_WARN_UNINITIALIZED_AUTOS = YES_AGGRESSIVE;
				GCC_WARN_UNUSED_FUNCTION = YES;
				GCC_WARN_UNUSED_VARIABLE = YES;
				IPHONEOS_DEPLOYMENT_TARGET = 17.5;
				LOCALIZATION_PREFERS_STRING_CATALOGS = YES;
				MTL_ENABLE_DEBUG_INFO = INCLUDE_SOURCE;
				MTL_FAST_MATH = YES;
				ONLY_ACTIVE_ARCH = YES;
				SDKROOT = iphoneos;
				SWIFT_ACTIVE_COMPILATION_CONDITIONS = "DEBUG $(inherited)";
				SWIFT_OPTIMIZATION_LEVEL = "-Onone";
			};
			name = Debug;
		};
		80065CD32C44E8120070E24E /* Release */ = {
			isa = XCBuildConfiguration;
			buildSettings = {
				ALWAYS_SEARCH_USER_PATHS = NO;
				ASSETCATALOG_COMPILER_GENERATE_SWIFT_ASSET_SYMBOL_EXTENSIONS = YES;
				CLANG_ANALYZER_NONNULL = YES;
				CLANG_ANALYZER_NUMBER_OBJECT_CONVERSION = YES_AGGRESSIVE;
				CLANG_CXX_LANGUAGE_STANDARD = "gnu++20";
				CLANG_ENABLE_MODULES = YES;
				CLANG_ENABLE_OBJC_ARC = YES;
				CLANG_ENABLE_OBJC_WEAK = YES;
				CLANG_WARN_BLOCK_CAPTURE_AUTORELEASING = YES;
				CLANG_WARN_BOOL_CONVERSION = YES;
				CLANG_WARN_COMMA = YES;
				CLANG_WARN_CONSTANT_CONVERSION = YES;
				CLANG_WARN_DEPRECATED_OBJC_IMPLEMENTATIONS = YES;
				CLANG_WARN_DIRECT_OBJC_ISA_USAGE = YES_ERROR;
				CLANG_WARN_DOCUMENTATION_COMMENTS = YES;
				CLANG_WARN_EMPTY_BODY = YES;
				CLANG_WARN_ENUM_CONVERSION = YES;
				CLANG_WARN_INFINITE_RECURSION = YES;
				CLANG_WARN_INT_CONVERSION = YES;
				CLANG_WARN_NON_LITERAL_NULL_CONVERSION = YES;
				CLANG_WARN_OBJC_IMPLICIT_RETAIN_SELF = YES;
				CLANG_WARN_OBJC_LITERAL_CONVERSION = YES;
				CLANG_WARN_OBJC_ROOT_CLASS = YES_ERROR;
				CLANG_WARN_QUOTED_INCLUDE_IN_FRAMEWORK_HEADER = YES;
				CLANG_WARN_RANGE_LOOP_ANALYSIS = YES;
				CLANG_WARN_STRICT_PROTOTYPES = YES;
				CLANG_WARN_SUSPICIOUS_MOVE = YES;
				CLANG_WARN_UNGUARDED_AVAILABILITY = YES_AGGRESSIVE;
				CLANG_WARN_UNREACHABLE_CODE = YES;
				CLANG_WARN__DUPLICATE_METHOD_MATCH = YES;
				COPY_PHASE_STRIP = NO;
				DEBUG_INFORMATION_FORMAT = "dwarf-with-dsym";
				ENABLE_NS_ASSERTIONS = NO;
				ENABLE_STRICT_OBJC_MSGSEND = YES;
				ENABLE_USER_SCRIPT_SANDBOXING = YES;
				GCC_C_LANGUAGE_STANDARD = gnu17;
				GCC_NO_COMMON_BLOCKS = YES;
				GCC_WARN_64_TO_32_BIT_CONVERSION = YES;
				GCC_WARN_ABOUT_RETURN_TYPE = YES_ERROR;
				GCC_WARN_UNDECLARED_SELECTOR = YES;
				GCC_WARN_UNINITIALIZED_AUTOS = YES_AGGRESSIVE;
				GCC_WARN_UNUSED_FUNCTION = YES;
				GCC_WARN_UNUSED_VARIABLE = YES;
				IPHONEOS_DEPLOYMENT_TARGET = 17.5;
				LOCALIZATION_PREFERS_STRING_CATALOGS = YES;
				MTL_ENABLE_DEBUG_INFO = NO;
				MTL_FAST_MATH = YES;
				SDKROOT = iphoneos;
				SWIFT_COMPILATION_MODE = wholemodule;
				VALIDATE_PRODUCT = YES;
			};
			name = Release;
		};
		80065CD52C44E8120070E24E /* Debug */ = {
			isa = XCBuildConfiguration;
			buildSettings = {
				ASSETCATALOG_COMPILER_APPICON_NAME = AppIcon;
				ASSETCATALOG_COMPILER_GLOBAL_ACCENT_COLOR_NAME = AccentColor;
				CODE_SIGN_STYLE = Automatic;
				CURRENT_PROJECT_VERSION = 1;
				GENERATE_INFOPLIST_FILE = YES;
				INFOPLIST_FILE = "Day1-exercise/Info.plist";
				INFOPLIST_KEY_UIApplicationSupportsIndirectInputEvents = YES;
				INFOPLIST_KEY_UILaunchStoryboardName = LaunchScreen;
				INFOPLIST_KEY_UIMainStoryboardFile = Main;
				INFOPLIST_KEY_UISupportedInterfaceOrientations_iPad = "UIInterfaceOrientationPortrait UIInterfaceOrientationPortraitUpsideDown UIInterfaceOrientationLandscapeLeft UIInterfaceOrientationLandscapeRight";
				INFOPLIST_KEY_UISupportedInterfaceOrientations_iPhone = "UIInterfaceOrientationPortrait UIInterfaceOrientationLandscapeLeft UIInterfaceOrientationLandscapeRight";
				LD_RUNPATH_SEARCH_PATHS = (
					"$(inherited)",
					"@executable_path/Frameworks",
				);
				MARKETING_VERSION = 1.0;
				PRODUCT_BUNDLE_IDENTIFIER = "com.kylevillanueva.Day1-exercise";
				PRODUCT_NAME = "$(TARGET_NAME)";
				SWIFT_EMIT_LOC_STRINGS = YES;
				SWIFT_VERSION = 5.0;
				TARGETED_DEVICE_FAMILY = "1,2";
			};
			name = Debug;
		};
		80065CD62C44E8120070E24E /* Release */ = {
			isa = XCBuildConfiguration;
			buildSettings = {
				ASSETCATALOG_COMPILER_APPICON_NAME = AppIcon;
				ASSETCATALOG_COMPILER_GLOBAL_ACCENT_COLOR_NAME = AccentColor;
				CODE_SIGN_STYLE = Automatic;
				CURRENT_PROJECT_VERSION = 1;
				GENERATE_INFOPLIST_FILE = YES;
				INFOPLIST_FILE = "Day1-exercise/Info.plist";
				INFOPLIST_KEY_UIApplicationSupportsIndirectInputEvents = YES;
				INFOPLIST_KEY_UILaunchStoryboardName = LaunchScreen;
				INFOPLIST_KEY_UIMainStoryboardFile = Main;
				INFOPLIST_KEY_UISupportedInterfaceOrientations_iPad = "UIInterfaceOrientationPortrait UIInterfaceOrientationPortraitUpsideDown UIInterfaceOrientationLandscapeLeft UIInterfaceOrientationLandscapeRight";
				INFOPLIST_KEY_UISupportedInterfaceOrientations_iPhone = "UIInterfaceOrientationPortrait UIInterfaceOrientationLandscapeLeft UIInterfaceOrientationLandscapeRight";
				LD_RUNPATH_SEARCH_PATHS = (
					"$(inherited)",
					"@executable_path/Frameworks",
				);
				MARKETING_VERSION = 1.0;
				PRODUCT_BUNDLE_IDENTIFIER = "com.kylevillanueva.Day1-exercise";
				PRODUCT_NAME = "$(TARGET_NAME)";
				SWIFT_EMIT_LOC_STRINGS = YES;
				SWIFT_VERSION = 5.0;
				TARGETED_DEVICE_FAMILY = "1,2";
			};
			name = Release;
		};
/* End XCBuildConfiguration section */

/* Begin XCConfigurationList section */
		80065CBB2C44E8110070E24E /* Build configuration list for PBXProject "Day1-exercise" */ = {
			isa = XCConfigurationList;
			buildConfigurations = (
				80065CD22C44E8120070E24E /* Debug */,
				80065CD32C44E8120070E24E /* Release */,
			);
			defaultConfigurationIsVisible = 0;
			defaultConfigurationName = Release;
		};
		80065CD42C44E8120070E24E /* Build configuration list for PBXNativeTarget "Day1-exercise" */ = {
			isa = XCConfigurationList;
			buildConfigurations = (
				80065CD52C44E8120070E24E /* Debug */,
				80065CD62C44E8120070E24E /* Release */,
			);
			defaultConfigurationIsVisible = 0;
			defaultConfigurationName = Release;
		};
/* End XCConfigurationList section */
	};
	rootObject = 80065CB82C44E8110070E24E /* Project object */;
}
